{
  "name": "pixel-perfect",
  "lockfileVersion": 3,
  "requires": true,
  "packages": {
    "": {
      "devDependencies": {
        "@webcomponents/custom-elements": "^1.6.0",
        "@webcomponents/webcomponentsjs": "^2.8.0"
      }
    },
    "node_modules/@webcomponents/custom-elements": {
      "version": "1.6.0",
      "resolved": "https://registry.npmjs.org/@webcomponents/custom-elements/-/custom-elements-1.6.0.tgz",
      "integrity": "sha512-CqTpxOlUCPWRNUPZDxT5v2NnHXA4oox612iUGnmTUGQFhZ1Gkj8kirtl/2wcF6MqX7+PqqicZzOCBKKfIn0dww==",
      "dev": true
    },
    "node_modules/@webcomponents/webcomponentsjs": {
      "version": "2.8.0",
      "resolved": "https://registry.npmjs.org/@webcomponents/webcomponentsjs/-/webcomponentsjs-2.8.0.tgz",
      "integrity": "sha512-loGD63sacRzOzSJgQnB9ZAhaQGkN7wl2Zuw7tsphI5Isa0irijrRo6EnJii/GgjGefIFO8AIO7UivzRhFaEk9w==",
      "dev": true
    }
  }
}
